
Microsoft Visual Studio Solution File, Format Version 12.00
# Visual Studio Version 17
VisualStudioVersion = 17.9.34607.119
MinimumVisualStudioVersion = 10.0.40219.1
Project("{9A19103F-16F7-4668-BE54-9A1E7A4F7556}") = "ZiggyRafiq.CodeExample01", "ZiggyRafiq.CodeExample01\ZiggyRafiq.CodeExample01.csproj", "{71234155-F21B-4503-ADE8-95BB62290C89}"
EndProject
Project("{2150E333-8FDC-42A3-9474-1A3956D46DE8}") = "Chapter 02", "Chapter 02", "{4711ABF0-127D-42DC-8353-DB90A46B3D05}"
EndProject
Project("{2150E333-8FDC-42A3-9474-1A3956D46DE8}") = "Chapter 03", "Chapter 03", "{537E9C1F-0951-4681-8F99-D888932C5CC9}"
EndProject
Project("{2150E333-8FDC-42A3-9474-1A3956D46DE8}") = "Chapter 04", "Chapter 04", "{D7BE7D56-2B8C-49C5-A72E-C2CCE3E5CC46}"
EndProject
Project("{2150E333-8FDC-42A3-9474-1A3956D46DE8}") = "Chapter 05", "Chapter 05", "{FEAD683C-FFAF-4018-971B-B7C7C4067E8B}"
EndProject
Project("{2150E333-8FDC-42A3-9474-1A3956D46DE8}") = "Chapter 06", "Chapter 06", "{9EA81C46-7BBF-47BA-BBF8-76FD42F5EC26}"
EndProject
Project("{2150E333-8FDC-42A3-9474-1A3956D46DE8}") = "Chapter 07", "Chapter 07", "{39086CF2-D66E-4305-9B7D-F8B60511E5C6}"
EndProject
Project("{2150E333-8FDC-42A3-9474-1A3956D46DE8}") = "Chapter 08", "Chapter 08", "{3362B0DB-FCA3-4D7F-BFA1-ACAB1A504351}"
EndProject
Project("{9A19103F-16F7-4668-BE54-9A1E7A4F7556}") = "ZiggyRafiq.CodeExample02", "ZiggyRafiq.CodeExample02\ZiggyRafiq.CodeExample02.csproj", "{7323B008-C889-4FCE-B57D-A8EC80F3F1CE}"
EndProject
Project("{9A19103F-16F7-4668-BE54-9A1E7A4F7556}") = "ZiggyRafiq.CodeExample03", "ZiggyRafiq.CodeExample03\ZiggyRafiq.CodeExample03.csproj", "{85FCFC9E-119C-43D9-ADBC-41B1D9E5228A}"
EndProject
Project("{9A19103F-16F7-4668-BE54-9A1E7A4F7556}") = "ZiggyRafiq.CodeExample04", "ZiggyRafiq.CodeExample04\ZiggyRafiq.CodeExample04.csproj", "{7804D5A0-48A9-4260-B01A-6D74F04915AD}"
EndProject
Project("{2150E333-8FDC-42A3-9474-1A3956D46DE8}") = "Tests", "Tests", "{E57953FC-787A-459D-B933-75BC98C9F61E}"
EndProject
Project("{9A19103F-16F7-4668-BE54-9A1E7A4F7556}") = "ZiggyRafiq.CodeExample04.Calculator", "ZiggyRafiq.CodeExample04.Calculator\ZiggyRafiq.CodeExample04.Calculator.csproj", "{AD358B80-61B3-4786-86E0-95DB3CDF605F}"
EndProject
Project("{9A19103F-16F7-4668-BE54-9A1E7A4F7556}") = "ZiggyRafiq.CodeExample04.CalculatorTests", "ZiggyRafiq.CodeExample04.CalculatorTests\ZiggyRafiq.CodeExample04.CalculatorTests.csproj", "{53E9F8CB-35CC-410F-8D84-0D4B6B44E733}"
EndProject
Project("{9A19103F-16F7-4668-BE54-9A1E7A4F7556}") = "ZiggyRafiq.CodeExample05", "ZiggyRafiq.CodeExample05\ZiggyRafiq.CodeExample05.csproj", "{F3A9E305-2885-434F-9EA7-06D12A462034}"
EndProject
Project("{9A19103F-16F7-4668-BE54-9A1E7A4F7556}") = "ZiggyRafiq.CodeExample06", "ZiggyRafiq.CodeExample06\ZiggyRafiq.CodeExample06.csproj", "{C6DBB674-D687-4B34-B625-1E80B60E997A}"
EndProject
Project("{2150E333-8FDC-42A3-9474-1A3956D46DE8}") = "Tests", "Tests", "{6408E99B-3C96-481C-B05C-13604E813E0E}"
EndProject
Project("{FAE04EC0-301F-11D3-BF4B-00C04F79EFBC}") = "ZiggyRafiq.CodeExample06.CalculatorTests", "ZiggyRafiq.CodeExample06.CalculatorTests\ZiggyRafiq.CodeExample06.CalculatorTests.csproj", "{585F240A-36F0-43B7-9E7A-D50DB87CDECE}"
EndProject
Project("{FAE04EC0-301F-11D3-BF4B-00C04F79EFBC}") = "ZiggyRafiq.CodeExamples07", "ZiggyRafiq.CodeExamples07\ZiggyRafiq.CodeExamples07.csproj", "{22E0608F-FAD6-43FE-A505-04F03906114C}"
EndProject
Global
	GlobalSection(SolutionConfigurationPlatforms) = preSolution
		Debug|Any CPU = Debug|Any CPU
		Release|Any CPU = Release|Any CPU
	EndGlobalSection
	GlobalSection(ProjectConfigurationPlatforms) = postSolution
		{71234155-F21B-4503-ADE8-95BB62290C89}.Debug|Any CPU.ActiveCfg = Debug|Any CPU
		{71234155-F21B-4503-ADE8-95BB62290C89}.Debug|Any CPU.Build.0 = Debug|Any CPU
		{71234155-F21B-4503-ADE8-95BB62290C89}.Release|Any CPU.ActiveCfg = Release|Any CPU
		{71234155-F21B-4503-ADE8-95BB62290C89}.Release|Any CPU.Build.0 = Release|Any CPU
		{7323B008-C889-4FCE-B57D-A8EC80F3F1CE}.Debug|Any CPU.ActiveCfg = Debug|Any CPU
		{7323B008-C889-4FCE-B57D-A8EC80F3F1CE}.Debug|Any CPU.Build.0 = Debug|Any CPU
		{7323B008-C889-4FCE-B57D-A8EC80F3F1CE}.Release|Any CPU.ActiveCfg = Release|Any CPU
		{7323B008-C889-4FCE-B57D-A8EC80F3F1CE}.Release|Any CPU.Build.0 = Release|Any CPU
		{85FCFC9E-119C-43D9-ADBC-41B1D9E5228A}.Debug|Any CPU.ActiveCfg = Debug|Any CPU
		{85FCFC9E-119C-43D9-ADBC-41B1D9E5228A}.Debug|Any CPU.Build.0 = Debug|Any CPU
		{85FCFC9E-119C-43D9-ADBC-41B1D9E5228A}.Release|Any CPU.ActiveCfg = Release|Any CPU
		{85FCFC9E-119C-43D9-ADBC-41B1D9E5228A}.Release|Any CPU.Build.0 = Release|Any CPU
		{7804D5A0-48A9-4260-B01A-6D74F04915AD}.Debug|Any CPU.ActiveCfg = Debug|Any CPU
		{7804D5A0-48A9-4260-B01A-6D74F04915AD}.Debug|Any CPU.Build.0 = Debug|Any CPU
		{7804D5A0-48A9-4260-B01A-6D74F04915AD}.Release|Any CPU.ActiveCfg = Release|Any CPU
		{7804D5A0-48A9-4260-B01A-6D74F04915AD}.Release|Any CPU.Build.0 = Release|Any CPU
		{AD358B80-61B3-4786-86E0-95DB3CDF605F}.Debug|Any CPU.ActiveCfg = Debug|Any CPU
		{AD358B80-61B3-4786-86E0-95DB3CDF605F}.Debug|Any CPU.Build.0 = Debug|Any CPU
		{AD358B80-61B3-4786-86E0-95DB3CDF605F}.Release|Any CPU.ActiveCfg = Release|Any CPU
		{AD358B80-61B3-4786-86E0-95DB3CDF605F}.Release|Any CPU.Build.0 = Release|Any CPU
		{53E9F8CB-35CC-410F-8D84-0D4B6B44E733}.Debug|Any CPU.ActiveCfg = Debug|Any CPU
		{53E9F8CB-35CC-410F-8D84-0D4B6B44E733}.Debug|Any CPU.Build.0 = Debug|Any CPU
		{53E9F8CB-35CC-410F-8D84-0D4B6B44E733}.Release|Any CPU.ActiveCfg = Release|Any CPU
		{53E9F8CB-35CC-410F-8D84-0D4B6B44E733}.Release|Any CPU.Build.0 = Release|Any CPU
		{F3A9E305-2885-434F-9EA7-06D12A462034}.Debug|Any CPU.ActiveCfg = Debug|Any CPU
		{F3A9E305-2885-434F-9EA7-06D12A462034}.Debug|Any CPU.Build.0 = Debug|Any CPU
		{F3A9E305-2885-434F-9EA7-06D12A462034}.Release|Any CPU.ActiveCfg = Release|Any CPU
		{F3A9E305-2885-434F-9EA7-06D12A462034}.Release|Any CPU.Build.0 = Release|Any CPU
		{C6DBB674-D687-4B34-B625-1E80B60E997A}.Debug|Any CPU.ActiveCfg = Debug|Any CPU
		{C6DBB674-D687-4B34-B625-1E80B60E997A}.Debug|Any CPU.Build.0 = Debug|Any CPU
		{C6DBB674-D687-4B34-B625-1E80B60E997A}.Release|Any CPU.ActiveCfg = Release|Any CPU
		{C6DBB674-D687-4B34-B625-1E80B60E997A}.Release|Any CPU.Build.0 = Release|Any CPU
		{585F240A-36F0-43B7-9E7A-D50DB87CDECE}.Debug|Any CPU.ActiveCfg = Debug|Any CPU
		{585F240A-36F0-43B7-9E7A-D50DB87CDECE}.Debug|Any CPU.Build.0 = Debug|Any CPU
		{585F240A-36F0-43B7-9E7A-D50DB87CDECE}.Release|Any CPU.ActiveCfg = Release|Any CPU
		{585F240A-36F0-43B7-9E7A-D50DB87CDECE}.Release|Any CPU.Build.0 = Release|Any CPU
		{22E0608F-FAD6-43FE-A505-04F03906114C}.Debug|Any CPU.ActiveCfg = Debug|Any CPU
		{22E0608F-FAD6-43FE-A505-04F03906114C}.Debug|Any CPU.Build.0 = Debug|Any CPU
		{22E0608F-FAD6-43FE-A505-04F03906114C}.Release|Any CPU.ActiveCfg = Release|Any CPU
		{22E0608F-FAD6-43FE-A505-04F03906114C}.Release|Any CPU.Build.0 = Release|Any CPU
	EndGlobalSection
	GlobalSection(SolutionProperties) = preSolution
		HideSolutionNode = FALSE
	EndGlobalSection
	GlobalSection(NestedProjects) = preSolution
		{71234155-F21B-4503-ADE8-95BB62290C89} = {4711ABF0-127D-42DC-8353-DB90A46B3D05}
		{7323B008-C889-4FCE-B57D-A8EC80F3F1CE} = {537E9C1F-0951-4681-8F99-D888932C5CC9}
		{85FCFC9E-119C-43D9-ADBC-41B1D9E5228A} = {D7BE7D56-2B8C-49C5-A72E-C2CCE3E5CC46}
		{7804D5A0-48A9-4260-B01A-6D74F04915AD} = {FEAD683C-FFAF-4018-971B-B7C7C4067E8B}
		{E57953FC-787A-459D-B933-75BC98C9F61E} = {FEAD683C-FFAF-4018-971B-B7C7C4067E8B}
		{AD358B80-61B3-4786-86E0-95DB3CDF605F} = {E57953FC-787A-459D-B933-75BC98C9F61E}
		{53E9F8CB-35CC-410F-8D84-0D4B6B44E733} = {E57953FC-787A-459D-B933-75BC98C9F61E}
		{F3A9E305-2885-434F-9EA7-06D12A462034} = {9EA81C46-7BBF-47BA-BBF8-76FD42F5EC26}
		{C6DBB674-D687-4B34-B625-1E80B60E997A} = {39086CF2-D66E-4305-9B7D-F8B60511E5C6}
		{6408E99B-3C96-481C-B05C-13604E813E0E} = {39086CF2-D66E-4305-9B7D-F8B60511E5C6}
		{585F240A-36F0-43B7-9E7A-D50DB87CDECE} = {6408E99B-3C96-481C-B05C-13604E813E0E}
		{22E0608F-FAD6-43FE-A505-04F03906114C} = {3362B0DB-FCA3-4D7F-BFA1-ACAB1A504351}
	EndGlobalSection
	GlobalSection(ExtensibilityGlobals) = postSolution
		SolutionGuid = {9C9FC4C6-2FE9-4FB7-AA11-0A6C2029FEB4}
	EndGlobalSection
EndGlobal
